{
  "name": "hurrykane",
  "version": "1.0.0",
  "lockfileVersion": 1,
  "requires": true,
  "dependencies": {
    "gsap": {
      "version": "3.7.1",
      "resolved": "https://registry.npmjs.org/gsap/-/gsap-3.7.1.tgz",
      "integrity": "sha512-4qxuaC2yFWRjMRof5tI/7c9/+L4xMsCoqHrZAmuh+IbOokTnZyoeF0VgvcVHq3uo+/VJZCs7PTvjrFasfGl+ww=="
    },
    "three": {
      "version": "0.131.3",
      "resolved": "https://registry.npmjs.org/three/-/three-0.131.3.tgz",
      "integrity": "sha512-VkZAv8ZTJqiE/fyEmoWLxcNHImpVcjqW7RO0GzMu3tRpwO0KUvK9pjTmJzJcAbc51BOeB2G38zh80yjHTbP8gQ=="
    }
  }
}
